
Microsoft Visual Studio Solution File, Format Version 12.00
# Visual Studio Version 17
VisualStudioVersion = 17.1.32414.318
MinimumVisualStudioVersion = 10.0.40219.1
Project("{FAE04EC0-301F-11D3-BF4B-00C04F79EFBC}") = "RSAAlgorithm", "RSAAlgorithm\RSAAlgorithm.csproj", "{76077B67-F721-4413-B4E8-E50FBE2D5B6F}"
EndProject
Global
	GlobalSection(SolutionConfigurationPlatforms) = preSolution
		Debug|Any CPU = Debug|Any CPU
		Release|Any CPU = Release|Any CPU
	EndGlobalSection
	GlobalSection(ProjectConfigurationPlatforms) = postSolution
		{76077B67-F721-4413-B4E8-E50FBE2D5B6F}.Debug|Any CPU.ActiveCfg = Debug|Any CPU
		{76077B67-F721-4413-B4E8-E50FBE2D5B6F}.Debug|Any CPU.Build.0 = Debug|Any CPU
		{76077B67-F721-4413-B4E8-E50FBE2D5B6F}.Release|Any CPU.ActiveCfg = Release|Any CPU
		{76077B67-F721-4413-B4E8-E50FBE2D5B6F}.Release|Any CPU.Build.0 = Release|Any CPU
	EndGlobalSection
	GlobalSection(SolutionProperties) = preSolution
		HideSolutionNode = FALSE
	EndGlobalSection
	GlobalSection(ExtensibilityGlobals) = postSolution
		SolutionGuid = {982605CB-3F50-4778-B8D5-CB69E6E2B8A4}
	EndGlobalSection
EndGlobal
